// !$*UTF8*$!
{
	archiveVersion = 1;
	classes = {
	};
	objectVersion = 46;
	objects = {

/* Begin PBXBuildFile section */
		C3232F5A1850C0BB00AABA84 /* ChinesePuzzleApp.icns in Resources */ = {isa = PBXBuildFile; fileRef = C3232F531850C0BB00AABA84 /* ChinesePuzzleApp.icns */; };
		C3232F5B1850C0BB00AABA84 /* Credits.rtf in Resources */ = {isa = PBXBuildFile; fileRef = C3232F541850C0BB00AABA84 /* Credits.rtf */; };
		C3232F5C1850C0BB00AABA84 /* InfoPlist.strings in Resources */ = {isa = PBXBuildFile; fileRef = C3232F551850C0BB00AABA84 /* InfoPlist.strings */; };
		C3232F5D1850C0BB00AABA84 /* main.m in Sources */ = {isa = PBXBuildFile; fileRef = C3232F561850C0BB00AABA84 /* main.m */; };
		C3232F5E1850C0BB00AABA84 /* MainMenu.xib in Resources */ = {isa = PBXBuildFile; fileRef = C3232F571850C0BB00AABA84 /* MainMenu.xib */; };
		C347E2C918520F9100968691 /* AppController.mm in Sources */ = {isa = PBXBuildFile; fileRef = C347E2C418520F9100968691 /* AppController.mm */; };
		C3FB9FB71850A46C0087DB1A /* Cocoa.framework in Frameworks */ = {isa = PBXBuildFile; fileRef = C3FB9FB61850A46C0087DB1A /* Cocoa.framework */; };
/* End PBXBuildFile section */

/* Begin PBXFileReference section */
		C3232F4E1850C0BB00AABA84 /* ChinesePuzzle-Info.plist */ = {isa = PBXFileReference; fileEncoding = 4; lastKnownFileType = text.plist.xml; path = "ChinesePuzzle-Info.plist"; sourceTree = "<group>"; };
		C3232F4F1850C0BB00AABA84 /* ChinesePuzzle-Prefix.pch */ = {isa = PBXFileReference; fileEncoding = 4; lastKnownFileType = sourcecode.c.h; path = "ChinesePuzzle-Prefix.pch"; sourceTree = "<group>"; };
		C3232F531850C0BB00AABA84 /* ChinesePuzzleApp.icns */ = {isa = PBXFileReference; lastKnownFileType = image.icns; path = ChinesePuzzleApp.icns; sourceTree = "<group>"; };
		C3232F541850C0BB00AABA84 /* Credits.rtf */ = {isa = PBXFileReference; fileEncoding = 4; lastKnownFileType = text.rtf; path = Credits.rtf; sourceTree = "<group>"; };
		C3232F551850C0BB00AABA84 /* InfoPlist.strings */ = {isa = PBXFileReference; fileEncoding = 4; lastKnownFileType = text.plist.strings; path = InfoPlist.strings; sourceTree = "<group>"; };
		C3232F561850C0BB00AABA84 /* main.m */ = {isa = PBXFileReference; fileEncoding = 4; lastKnownFileType = sourcecode.c.objc; path = main.m; sourceTree = "<group>"; };
		C3232F571850C0BB00AABA84 /* MainMenu.xib */ = {isa = PBXFileReference; fileEncoding = 4; lastKnownFileType = file.xib; path = MainMenu.xib; sourceTree = "<group>"; };
		C347E2C318520F9100968691 /* AppController.h */ = {isa = PBXFileReference; fileEncoding = 4; lastKnownFileType = sourcecode.c.h; path = AppController.h; sourceTree = "<group>"; };
		C347E2C418520F9100968691 /* AppController.mm */ = {isa = PBXFileReference; fileEncoding = 4; lastKnownFileType = sourcecode.cpp.objcpp; path = AppController.mm; sourceTree = "<group>"; };
		C3FB9FB31850A46C0087DB1A /* ChinesePuzzle.app */ = {isa = PBXFileReference; explicitFileType = wrapper.application; includeInIndex = 0; path = ChinesePuzzle.app; sourceTree = BUILT_PRODUCTS_DIR; };
		C3FB9FB61850A46C0087DB1A /* Cocoa.framework */ = {isa = PBXFileReference; lastKnownFileType = wrapper.framework; name = Cocoa.framework; path = System/Library/Frameworks/Cocoa.framework; sourceTree = SDKROOT; };
		C3FB9FB91850A46C0087DB1A /* AppKit.framework */ = {isa = PBXFileReference; lastKnownFileType = wrapper.framework; name = AppKit.framework; path = System/Library/Frameworks/AppKit.framework; sourceTree = SDKROOT; };
		C3FB9FBA1850A46C0087DB1A /* CoreData.framework */ = {isa = PBXFileReference; lastKnownFileType = wrapper.framework; name = CoreData.framework; path = System/Library/Frameworks/CoreData.framework; sourceTree = SDKROOT; };
		C3FB9FBB1850A46C0087DB1A /* Foundation.framework */ = {isa = PBXFileReference; lastKnownFileType = wrapper.framework; name = Foundation.framework; path = System/Library/Frameworks/Foundation.framework; sourceTree = SDKROOT; };
/* End PBXFileReference section */

/* Begin PBXFrameworksBuildPhase section */
		C3FB9FB01850A46C0087DB1A /* Frameworks */ = {
			isa = PBXFrameworksBuildPhase;
			buildActionMask = 2147483647;
			files = (
				C3FB9FB71850A46C0087DB1A /* Cocoa.framework in Frameworks */,
			);
			runOnlyForDeploymentPostprocessing = 0;
		};
/* End PBXFrameworksBuildPhase section */

/* Begin PBXGroup section */
		C3232F4B1850C0BB00AABA84 /* Resources */ = {
			isa = PBXGroup;
			children = (
				C3232F4E1850C0BB00AABA84 /* ChinesePuzzle-Info.plist */,
				C3232F4F1850C0BB00AABA84 /* ChinesePuzzle-Prefix.pch */,
				C3232F531850C0BB00AABA84 /* ChinesePuzzleApp.icns */,
				C3232F541850C0BB00AABA84 /* Credits.rtf */,
				C3232F551850C0BB00AABA84 /* InfoPlist.strings */,
				C3232F561850C0BB00AABA84 /* main.m */,
				C3232F571850C0BB00AABA84 /* MainMenu.xib */,
			);
			name = Resources;
			sourceTree = "<group>";
		};
		C347E2C118520F9100968691 /* Src - Platform */ = {
			isa = PBXGroup;
			children = (
				C347E2C218520F9100968691 /* ChinesePuzzle */,
			);
			name = "Src - Platform";
			path = ../Src;
			sourceTree = "<group>";
		};
		C347E2C218520F9100968691 /* ChinesePuzzle */ = {
			isa = PBXGroup;
			children = (
				C347E2C318520F9100968691 /* AppController.h */,
				C347E2C418520F9100968691 /* AppController.mm */,
			);
			path = ChinesePuzzle;
			sourceTree = "<group>";
		};
		C3FB9FAA1850A46C0087DB1A = {
			isa = PBXGroup;
			children = (
				C347E2C118520F9100968691 /* Src - Platform */,
				C3232F4B1850C0BB00AABA84 /* Resources */,
				C3FB9FB51850A46C0087DB1A /* Frameworks */,
				C3FB9FB41850A46C0087DB1A /* Products */,
			);
			sourceTree = "<group>";
		};
		C3FB9FB41850A46C0087DB1A /* Products */ = {
			isa = PBXGroup;
			children = (
				C3FB9FB31850A46C0087DB1A /* ChinesePuzzle.app */,
			);
			name = Products;
			sourceTree = "<group>";
		};
		C3FB9FB51850A46C0087DB1A /* Frameworks */ = {
			isa = PBXGroup;
			children = (
				C3FB9FB61850A46C0087DB1A /* Cocoa.framework */,
				C3FB9FB91850A46C0087DB1A /* AppKit.framework */,
				C3FB9FBA1850A46C0087DB1A /* CoreData.framework */,
				C3FB9FBB1850A46C0087DB1A /* Foundation.framework */,
			);
			name = Frameworks;
			sourceTree = "<group>";
		};
/* End PBXGroup section */

/* Begin PBXNativeTarget section */
		C3FB9FB21850A46C0087DB1A /* ChinesePuzzle */ = {
			isa = PBXNativeTarget;
			buildConfigurationList = C3FB9FE41850A46D0087DB1A /* Build configuration list for PBXNativeTarget "ChinesePuzzle" */;
			buildPhases = (
				C3FB9FAF1850A46C0087DB1A /* Sources */,
				C3FB9FB01850A46C0087DB1A /* Frameworks */,
				C3FB9FB11850A46C0087DB1A /* Resources */,
			);
			buildRules = (
			);
			dependencies = (
			);
			name = ChinesePuzzle;
			productName = ChinesePuzzle;
			productReference = C3FB9FB31850A46C0087DB1A /* ChinesePuzzle.app */;
			productType = "com.apple.product-type.application";
		};
/* End PBXNativeTarget section */

/* Begin PBXProject section */
		C3FB9FAB1850A46C0087DB1A /* Project object */ = {
			isa = PBXProject;
			attributes = {
				LastUpgradeCheck = 0500;
				ORGANIZATIONNAME = Darkwood;
			};
			buildConfigurationList = C3FB9FAE1850A46C0087DB1A /* Build configuration list for PBXProject "ChinesePuzzle" */;
			compatibilityVersion = "Xcode 3.2";
			developmentRegion = English;
			hasScannedForEncodings = 0;
			knownRegions = (
				en,
				Base,
			);
			mainGroup = C3FB9FAA1850A46C0087DB1A;
			productRefGroup = C3FB9FB41850A46C0087DB1A /* Products */;
			projectDirPath = "";
			projectRoot = "";
			targets = (
				C3FB9FB21850A46C0087DB1A /* ChinesePuzzle */,
			);
		};
/* End PBXProject section */

/* Begin PBXResourcesBuildPhase section */
		C3FB9FB11850A46C0087DB1A /* Resources */ = {
			isa = PBXResourcesBuildPhase;
			buildActionMask = 2147483647;
			files = (
				C3232F5C1850C0BB00AABA84 /* InfoPlist.strings in Resources */,
				C3232F5A1850C0BB00AABA84 /* ChinesePuzzleApp.icns in Resources */,
				C3232F5B1850C0BB00AABA84 /* Credits.rtf in Resources */,
				C3232F5E1850C0BB00AABA84 /* MainMenu.xib in Resources */,
			);
			runOnlyForDeploymentPostprocessing = 0;
		};
/* End PBXResourcesBuildPhase section */

/* Begin PBXSourcesBuildPhase section */
		C3FB9FAF1850A46C0087DB1A /* Sources */ = {
			isa = PBXSourcesBuildPhase;
			buildActionMask = 2147483647;
			files = (
				C3232F5D1850C0BB00AABA84 /* main.m in Sources */,
				C347E2C918520F9100968691 /* AppController.mm in Sources */,
			);
			runOnlyForDeploymentPostprocessing = 0;
		};
/* End PBXSourcesBuildPhase section */

/* Begin XCBuildConfiguration section */
		C3FB9FE21850A46D0087DB1A /* Debug */ = {
			isa = XCBuildConfiguration;
			buildSettings = {
				ALWAYS_SEARCH_USER_PATHS = YES;
				CLANG_CXX_LANGUAGE_STANDARD = "gnu++0x";
				CLANG_CXX_LIBRARY = "libc++";
				CLANG_ENABLE_OBJC_ARC = YES;
				CLANG_WARN_BOOL_CONVERSION = YES;
				CLANG_WARN_CONSTANT_CONVERSION = YES;
				CLANG_WARN_DIRECT_OBJC_ISA_USAGE = YES_ERROR;
				CLANG_WARN_EMPTY_BODY = YES;
				CLANG_WARN_ENUM_CONVERSION = YES;
				CLANG_WARN_INT_CONVERSION = YES;
				CLANG_WARN_OBJC_ROOT_CLASS = YES_ERROR;
				CLANG_WARN__DUPLICATE_METHOD_MATCH = YES;
				COPY_PHASE_STRIP = NO;
				GCC_C_LANGUAGE_STANDARD = c99;
				GCC_DYNAMIC_NO_PIC = NO;
				GCC_ENABLE_OBJC_EXCEPTIONS = YES;
				GCC_OPTIMIZATION_LEVEL = 0;
				GCC_PREPROCESSOR_DEFINITIONS = (
					DEBUG,
					"COCOS2D_DEBUG=1",
					USE_FILE32API,
					COCOS2D_JAVASCRIPT,
					CC_ENABLE_CHIPMUNK_INTEGRATION,
				);
				GCC_SYMBOLS_PRIVATE_EXTERN = NO;
				GCC_WARN_64_TO_32_BIT_CONVERSION = YES;
				GCC_WARN_ABOUT_RETURN_TYPE = YES_ERROR;
				GCC_WARN_UNDECLARED_SELECTOR = YES;
				GCC_WARN_UNINITIALIZED_AUTOS = YES;
				GCC_WARN_UNUSED_FUNCTION = YES;
				GCC_WARN_UNUSED_VARIABLE = YES;
				HEADER_SEARCH_PATHS = (
					"$(SRCROOT)/../../Common/Src/Externals/Cocos2Dx",
					"$(SRCROOT)/../../Common/Src/Externals/Cocos2Dx/cocos",
					"$(SRCROOT)/../../Common/Src/Externals/Cocos2Dx/cocos/base",
					"$(SRCROOT)/../../Common/Src/Externals/Cocos2Dx/cocos/physics",
					"$(SRCROOT)/../../Common/Src/Externals/Cocos2Dx/cocos/math/kazmath/include",
					"$(SRCROOT)/../../Common/Src/Externals/Cocos2Dx/cocos/2d",
					"$(SRCROOT)/../../Common/Src/Externals/Cocos2Dx/cocos/gui",
					"$(SRCROOT)/../../Common/Src/Externals/Cocos2Dx/cocos/network",
					"$(SRCROOT)/../../Common/Src/Externals/Cocos2Dx/cocos/audio/include",
					"$(SRCROOT)/../../Common/Src/Externals/Cocos2Dx/cocos/editor-support",
					"$(SRCROOT)/../../Common/Src/Externals/Cocos2Dx/cocos/scripting/javascript/bindings",
					"$(SRCROOT)/../../Common/Src/Externals/Cocos2Dx/cocos/scripting/auto-generated/js-bindings",
					"$(SRCROOT)/../../Common/Src/Externals/Cocos2Dx/extensions",
					"$(SRCROOT)/../../Common/Src/Externals/Cocos2Dx/external",
					"$(SRCROOT)/../../Common/Src/Externals/Cocos2Dx/external/chipmunk/include/chipmunk",
				);
				MACOSX_DEPLOYMENT_TARGET = 10.7;
				ONLY_ACTIVE_ARCH = YES;
				SDKROOT = macosx;
			};
			name = Debug;
		};
		C3FB9FE31850A46D0087DB1A /* Release */ = {
			isa = XCBuildConfiguration;
			buildSettings = {
				ALWAYS_SEARCH_USER_PATHS = YES;
				CLANG_CXX_LANGUAGE_STANDARD = "gnu++0x";
				CLANG_CXX_LIBRARY = "libc++";
				CLANG_ENABLE_OBJC_ARC = YES;
				CLANG_WARN_BOOL_CONVERSION = YES;
				CLANG_WARN_CONSTANT_CONVERSION = YES;
				CLANG_WARN_DIRECT_OBJC_ISA_USAGE = YES_ERROR;
				CLANG_WARN_EMPTY_BODY = YES;
				CLANG_WARN_ENUM_CONVERSION = YES;
				CLANG_WARN_INT_CONVERSION = YES;
				CLANG_WARN_OBJC_ROOT_CLASS = YES_ERROR;
				CLANG_WARN__DUPLICATE_METHOD_MATCH = YES;
				COPY_PHASE_STRIP = YES;
				DEBUG_INFORMATION_FORMAT = "dwarf-with-dsym";
				ENABLE_NS_ASSERTIONS = NO;
				GCC_C_LANGUAGE_STANDARD = c99;
				GCC_ENABLE_OBJC_EXCEPTIONS = YES;
				GCC_PREPROCESSOR_DEFINITIONS = (
					NDEBUG,
					USE_FILE32API,
					COCOS2D_JAVASCRIPT,
					CC_ENABLE_CHIPMUNK_INTEGRATION,
				);
				GCC_WARN_64_TO_32_BIT_CONVERSION = YES;
				GCC_WARN_ABOUT_RETURN_TYPE = YES_ERROR;
				GCC_WARN_UNDECLARED_SELECTOR = YES;
				GCC_WARN_UNINITIALIZED_AUTOS = YES;
				GCC_WARN_UNUSED_FUNCTION = YES;
				GCC_WARN_UNUSED_VARIABLE = YES;
				HEADER_SEARCH_PATHS = (
					"$(SRCROOT)/../../Common/Src/Externals/Cocos2Dx",
					"$(SRCROOT)/../../Common/Src/Externals/Cocos2Dx/cocos",
					"$(SRCROOT)/../../Common/Src/Externals/Cocos2Dx/cocos/base",
					"$(SRCROOT)/../../Common/Src/Externals/Cocos2Dx/cocos/physics",
					"$(SRCROOT)/../../Common/Src/Externals/Cocos2Dx/cocos/math/kazmath/include",
					"$(SRCROOT)/../../Common/Src/Externals/Cocos2Dx/cocos/2d",
					"$(SRCROOT)/../../Common/Src/Externals/Cocos2Dx/cocos/gui",
					"$(SRCROOT)/../../Common/Src/Externals/Cocos2Dx/cocos/network",
					"$(SRCROOT)/../../Common/Src/Externals/Cocos2Dx/cocos/audio/include",
					"$(SRCROOT)/../../Common/Src/Externals/Cocos2Dx/cocos/editor-support",
					"$(SRCROOT)/../../Common/Src/Externals/Cocos2Dx/cocos/scripting/javascript/bindings",
					"$(SRCROOT)/../../Common/Src/Externals/Cocos2Dx/cocos/scripting/auto-generated/js-bindings",
					"$(SRCROOT)/../../Common/Src/Externals/Cocos2Dx/extensions",
					"$(SRCROOT)/../../Common/Src/Externals/Cocos2Dx/external",
					"$(SRCROOT)/../../Common/Src/Externals/Cocos2Dx/external/chipmunk/include/chipmunk",
				);
				MACOSX_DEPLOYMENT_TARGET = 10.7;
				OTHER_CFLAGS = "-DNS_BLOCK_ASSERTIONS=1";
				SDKROOT = macosx;
			};
			name = Release;
		};
		C3FB9FE51850A46D0087DB1A /* Debug */ = {
			isa = XCBuildConfiguration;
			buildSettings = {
				COMBINE_HIDPI_IMAGES = YES;
				GCC_PRECOMPILE_PREFIX_HEADER = YES;
				GCC_PREFIX_HEADER = "ChinesePuzzle-Prefix.pch";
				GCC_PREPROCESSOR_DEFINITIONS = (
					CC_TARGET_OS_MAC,
					"$(inherited)",
				);
				INFOPLIST_FILE = "ChinesePuzzle-Info.plist";
				PRODUCT_NAME = "$(TARGET_NAME)";
				WRAPPER_EXTENSION = app;
			};
			name = Debug;
		};
		C3FB9FE61850A46D0087DB1A /* Release */ = {
			isa = XCBuildConfiguration;
			buildSettings = {
				COMBINE_HIDPI_IMAGES = YES;
				GCC_PRECOMPILE_PREFIX_HEADER = YES;
				GCC_PREFIX_HEADER = "ChinesePuzzle-Prefix.pch";
				GCC_PREPROCESSOR_DEFINITIONS = (
					CC_TARGET_OS_MAC,
					"$(inherited)",
				);
				INFOPLIST_FILE = "ChinesePuzzle-Info.plist";
				PRODUCT_NAME = "$(TARGET_NAME)";
				WRAPPER_EXTENSION = app;
			};
			name = Release;
		};
/* End XCBuildConfiguration section */

/* Begin XCConfigurationList section */
		C3FB9FAE1850A46C0087DB1A /* Build configuration list for PBXProject "ChinesePuzzle" */ = {
			isa = XCConfigurationList;
			buildConfigurations = (
				C3FB9FE21850A46D0087DB1A /* Debug */,
				C3FB9FE31850A46D0087DB1A /* Release */,
			);
			defaultConfigurationIsVisible = 0;
			defaultConfigurationName = Release;
		};
		C3FB9FE41850A46D0087DB1A /* Build configuration list for PBXNativeTarget "ChinesePuzzle" */ = {
			isa = XCConfigurationList;
			buildConfigurations = (
				C3FB9FE51850A46D0087DB1A /* Debug */,
				C3FB9FE61850A46D0087DB1A /* Release */,
			);
			defaultConfigurationIsVisible = 0;
			defaultConfigurationName = Release;
		};
/* End XCConfigurationList section */
	};
	rootObject = C3FB9FAB1850A46C0087DB1A /* Project object */;
}
