// !$*UTF8*$!
{
	archiveVersion = 1;
	classes = {
	};
	objectVersion = 46;
	objects = {

/* Begin PBXBuildFile section */
		C317FD271855C7900088ACBC /* CoreGraphics.framework in Frameworks */ = {isa = PBXBuildFile; fileRef = C3386FE11852349E002447BC /* CoreGraphics.framework */; };
		C317FD3A1855C87D0088ACBC /* Foundation.framework in Frameworks */ = {isa = PBXBuildFile; fileRef = C317FD391855C87D0088ACBC /* Foundation.framework */; };
		C317FD3C1855C8880088ACBC /* AVFoundation.framework in Frameworks */ = {isa = PBXBuildFile; fileRef = C317FD3B1855C8880088ACBC /* AVFoundation.framework */; };
		C317FD3E1855C88F0088ACBC /* AudioToolbox.framework in Frameworks */ = {isa = PBXBuildFile; fileRef = C317FD3D1855C88F0088ACBC /* AudioToolbox.framework */; };
		C317FD401855C8940088ACBC /* OpenAL.framework in Frameworks */ = {isa = PBXBuildFile; fileRef = C317FD3F1855C8940088ACBC /* OpenAL.framework */; };
		C317FD421855C89E0088ACBC /* QuartzCore.framework in Frameworks */ = {isa = PBXBuildFile; fileRef = C317FD411855C89E0088ACBC /* QuartzCore.framework */; };
		C317FD441855C8A90088ACBC /* OpenGL.framework in Frameworks */ = {isa = PBXBuildFile; fileRef = C317FD431855C8A90088ACBC /* OpenGL.framework */; };
		C317FD461855C8B00088ACBC /* AppKit.framework in Frameworks */ = {isa = PBXBuildFile; fileRef = C317FD451855C8B00088ACBC /* AppKit.framework */; };
		C317FD481855C8B60088ACBC /* IOKit.framework in Frameworks */ = {isa = PBXBuildFile; fileRef = C317FD471855C8B60088ACBC /* IOKit.framework */; };
		C317FD4A1855C8BD0088ACBC /* libz.dylib in Frameworks */ = {isa = PBXBuildFile; fileRef = C317FD491855C8BD0088ACBC /* libz.dylib */; };
		C317FD4C1855C8C70088ACBC /* libsqlite3.dylib in Frameworks */ = {isa = PBXBuildFile; fileRef = C317FD4B1855C8C70088ACBC /* libsqlite3.dylib */; };
		C317FD4E1855C8D10088ACBC /* libcurl.dylib in Frameworks */ = {isa = PBXBuildFile; fileRef = C317FD4D1855C8D10088ACBC /* libcurl.dylib */; };
		C3232F5A1850C0BB00AABA84 /* ChinesePuzzleApp.icns in Resources */ = {isa = PBXBuildFile; fileRef = C3232F531850C0BB00AABA84 /* ChinesePuzzleApp.icns */; };
		C3232F5B1850C0BB00AABA84 /* Credits.rtf in Resources */ = {isa = PBXBuildFile; fileRef = C3232F541850C0BB00AABA84 /* Credits.rtf */; };
		C3232F5C1850C0BB00AABA84 /* InfoPlist.strings in Resources */ = {isa = PBXBuildFile; fileRef = C3232F551850C0BB00AABA84 /* InfoPlist.strings */; };
		C3232F5D1850C0BB00AABA84 /* main.m in Sources */ = {isa = PBXBuildFile; fileRef = C3232F561850C0BB00AABA84 /* main.m */; };
		C3232F5E1850C0BB00AABA84 /* MainMenu.xib in Resources */ = {isa = PBXBuildFile; fileRef = C3232F571850C0BB00AABA84 /* MainMenu.xib */; };
		C3386FE3185234B4002447BC /* Cocoa.framework in Frameworks */ = {isa = PBXBuildFile; fileRef = C3FB9FB61850A46C0087DB1A /* Cocoa.framework */; };
		C347E2C918520F9100968691 /* AppController.mm in Sources */ = {isa = PBXBuildFile; fileRef = C347E2C418520F9100968691 /* AppController.mm */; };
		C34FDCCA1860649100238872 /* cocos2d-jsb.js in Resources */ = {isa = PBXBuildFile; fileRef = C34FDCC91860649100238872 /* cocos2d-jsb.js */; };
		C38B4145185B6CC500245259 /* AppDelegate.cpp in Sources */ = {isa = PBXBuildFile; fileRef = C38B4143185B6CC500245259 /* AppDelegate.cpp */; };
		C38D11D118634E7B00F8159A /* lang-de.plist in Resources */ = {isa = PBXBuildFile; fileRef = C38D11CE18634E7B00F8159A /* lang-de.plist */; };
		C38D11D218634E7B00F8159A /* lang-en.plist in Resources */ = {isa = PBXBuildFile; fileRef = C38D11CF18634E7B00F8159A /* lang-en.plist */; };
		C38D11D318634E7B00F8159A /* lang-fr.plist in Resources */ = {isa = PBXBuildFile; fileRef = C38D11D018634E7B00F8159A /* lang-fr.plist */; };
		C3F4E9261861E78900230ABA /* mac in Resources */ = {isa = PBXBuildFile; fileRef = C3F4E9251861E78900230ABA /* mac */; };
		C3F6251318605C8B0055BBF0 /* jsb.js in Resources */ = {isa = PBXBuildFile; fileRef = C3F6009018605C7A0055BBF0 /* jsb.js */; };
		C3F6251418605C8B0055BBF0 /* jsb_chipmunk.js in Resources */ = {isa = PBXBuildFile; fileRef = C3F6009118605C7A0055BBF0 /* jsb_chipmunk.js */; };
		C3F6251518605C8B0055BBF0 /* jsb_chipmunk_constants.js in Resources */ = {isa = PBXBuildFile; fileRef = C3F6009218605C7A0055BBF0 /* jsb_chipmunk_constants.js */; };
		C3F6251618605C8B0055BBF0 /* jsb_cocos2d.js in Resources */ = {isa = PBXBuildFile; fileRef = C3F6009318605C7A0055BBF0 /* jsb_cocos2d.js */; };
		C3F6251718605C8B0055BBF0 /* jsb_cocos2d_constants.js in Resources */ = {isa = PBXBuildFile; fileRef = C3F6009418605C7A0055BBF0 /* jsb_cocos2d_constants.js */; };
		C3F6251818605C8B0055BBF0 /* jsb_cocos2d_extension.js in Resources */ = {isa = PBXBuildFile; fileRef = C3F6009518605C7A0055BBF0 /* jsb_cocos2d_extension.js */; };
		C3F6251918605C8B0055BBF0 /* jsb_cocos2d_gui.js in Resources */ = {isa = PBXBuildFile; fileRef = C3F6009618605C7A0055BBF0 /* jsb_cocos2d_gui.js */; };
		C3F6251A18605C8B0055BBF0 /* jsb_cocos2d_studio.js in Resources */ = {isa = PBXBuildFile; fileRef = C3F6009718605C7A0055BBF0 /* jsb_cocos2d_studio.js */; };
		C3F6251B18605C8B0055BBF0 /* jsb_cocosbuilder.js in Resources */ = {isa = PBXBuildFile; fileRef = C3F6009818605C7A0055BBF0 /* jsb_cocosbuilder.js */; };
		C3F6251C18605C8B0055BBF0 /* jsb_debugger.js in Resources */ = {isa = PBXBuildFile; fileRef = C3F6009918605C7A0055BBF0 /* jsb_debugger.js */; };
		C3F6251D18605C8B0055BBF0 /* jsb_deprecated.js in Resources */ = {isa = PBXBuildFile; fileRef = C3F6009A18605C7A0055BBF0 /* jsb_deprecated.js */; };
		C3F6251E18605C8B0055BBF0 /* jsb_opengl.js in Resources */ = {isa = PBXBuildFile; fileRef = C3F6009B18605C7A0055BBF0 /* jsb_opengl.js */; };
		C3F6251F18605C8B0055BBF0 /* jsb_opengl_constants.js in Resources */ = {isa = PBXBuildFile; fileRef = C3F6009C18605C7A0055BBF0 /* jsb_opengl_constants.js */; };
		C3F6252018605C8B0055BBF0 /* jsb_sys.js in Resources */ = {isa = PBXBuildFile; fileRef = C3F6009D18605C7A0055BBF0 /* jsb_sys.js */; };
		C3F63CAD18605D3B0055BBF0 /* debugger in Resources */ = {isa = PBXBuildFile; fileRef = C3F63CAC18605D3B0055BBF0 /* debugger */; };
		C3F63CAF18605E350055BBF0 /* libchipmunk Mac.a in Frameworks */ = {isa = PBXBuildFile; fileRef = C3F63C2D18605C9C0055BBF0 /* libchipmunk Mac.a */; };
		C3F63CB018605E350055BBF0 /* libcocos2dx Mac.a in Frameworks */ = {isa = PBXBuildFile; fileRef = C3F63C2918605C9C0055BBF0 /* libcocos2dx Mac.a */; };
		C3F63CB118605E350055BBF0 /* libcocos2dx-extensions Mac.a in Frameworks */ = {isa = PBXBuildFile; fileRef = C3F63C2B18605C9C0055BBF0 /* libcocos2dx-extensions Mac.a */; };
		C3F63CB218605E350055BBF0 /* libCocosDenshion Mac.a in Frameworks */ = {isa = PBXBuildFile; fileRef = C3F63C3118605C9C0055BBF0 /* libCocosDenshion Mac.a */; };
		C3F63CB318605E350055BBF0 /* libjsbindings Mac.a in Frameworks */ = {isa = PBXBuildFile; fileRef = C3F63C3318605C9C0055BBF0 /* libjsbindings Mac.a */; };
		C3F63CBE18605FF00055BBF0 /* js in Resources */ = {isa = PBXBuildFile; fileRef = C3F63CBD18605FF00055BBF0 /* js */; };
/* End PBXBuildFile section */

/* Begin PBXContainerItemProxy section */
		C3F63C2818605C9C0055BBF0 /* PBXContainerItemProxy */ = {
			isa = PBXContainerItemProxy;
			containerPortal = C3F6FCE018605C770055BBF0 /* cocos2d_libs.xcodeproj */;
			proxyType = 2;
			remoteGlobalIDString = 1551A33F158F2AB200E66CFE;
			remoteInfo = "cocos2dx Mac";
		};
		C3F63C2A18605C9C0055BBF0 /* PBXContainerItemProxy */ = {
			isa = PBXContainerItemProxy;
			containerPortal = C3F6FCE018605C770055BBF0 /* cocos2d_libs.xcodeproj */;
			proxyType = 2;
			remoteGlobalIDString = A03F2FD617814595006731B9;
			remoteInfo = "cocos2dx-extensions Mac";
		};
		C3F63C2C18605C9C0055BBF0 /* PBXContainerItemProxy */ = {
			isa = PBXContainerItemProxy;
			containerPortal = C3F6FCE018605C770055BBF0 /* cocos2d_libs.xcodeproj */;
			proxyType = 2;
			remoteGlobalIDString = A03F2CB81780BD04006731B9;
			remoteInfo = "chipmunk Mac";
		};
		C3F63C2E18605C9C0055BBF0 /* PBXContainerItemProxy */ = {
			isa = PBXContainerItemProxy;
			containerPortal = C3F6FCE018605C770055BBF0 /* cocos2d_libs.xcodeproj */;
			proxyType = 2;
			remoteGlobalIDString = A03F2D9B1780BDF7006731B9;
			remoteInfo = "box2d Mac";
		};
		C3F63C3018605C9C0055BBF0 /* PBXContainerItemProxy */ = {
			isa = PBXContainerItemProxy;
			containerPortal = C3F6FCE018605C770055BBF0 /* cocos2d_libs.xcodeproj */;
			proxyType = 2;
			remoteGlobalIDString = A03F2ED617814268006731B9;
			remoteInfo = "CocosDenshion Mac";
		};
		C3F63C3218605C9C0055BBF0 /* PBXContainerItemProxy */ = {
			isa = PBXContainerItemProxy;
			containerPortal = C3F6FCE018605C770055BBF0 /* cocos2d_libs.xcodeproj */;
			proxyType = 2;
			remoteGlobalIDString = A03F31FD1781479B006731B9;
			remoteInfo = "jsbindings Mac";
		};
		C3F63C3418605C9C0055BBF0 /* PBXContainerItemProxy */ = {
			isa = PBXContainerItemProxy;
			containerPortal = C3F6FCE018605C770055BBF0 /* cocos2d_libs.xcodeproj */;
			proxyType = 2;
			remoteGlobalIDString = 1A6FB53017854BC300CDF010;
			remoteInfo = "luabindings Mac";
		};
		C3F63C3618605C9C0055BBF0 /* PBXContainerItemProxy */ = {
			isa = PBXContainerItemProxy;
			containerPortal = C3F6FCE018605C770055BBF0 /* cocos2d_libs.xcodeproj */;
			proxyType = 2;
			remoteGlobalIDString = A07A4D641783777C0073F6A7;
			remoteInfo = "cocos2dx iOS";
		};
		C3F63C3818605C9C0055BBF0 /* PBXContainerItemProxy */ = {
			isa = PBXContainerItemProxy;
			containerPortal = C3F6FCE018605C770055BBF0 /* cocos2d_libs.xcodeproj */;
			proxyType = 2;
			remoteGlobalIDString = A07A4EFC1783867C0073F6A7;
			remoteInfo = "cocos2dx-extensions iOS";
		};
		C3F63C3A18605C9C0055BBF0 /* PBXContainerItemProxy */ = {
			isa = PBXContainerItemProxy;
			containerPortal = C3F6FCE018605C770055BBF0 /* cocos2d_libs.xcodeproj */;
			proxyType = 2;
			remoteGlobalIDString = A07A4F3B178387670073F6A7;
			remoteInfo = "chipmunk iOS";
		};
		C3F63C3C18605C9C0055BBF0 /* PBXContainerItemProxy */ = {
			isa = PBXContainerItemProxy;
			containerPortal = C3F6FCE018605C770055BBF0 /* cocos2d_libs.xcodeproj */;
			proxyType = 2;
			remoteGlobalIDString = A07A4F9E1783876B0073F6A7;
			remoteInfo = "box2d iOS";
		};
		C3F63C3E18605C9C0055BBF0 /* PBXContainerItemProxy */ = {
			isa = PBXContainerItemProxy;
			containerPortal = C3F6FCE018605C770055BBF0 /* cocos2d_libs.xcodeproj */;
			proxyType = 2;
			remoteGlobalIDString = A07A4FB4178387730073F6A7;
			remoteInfo = "CocosDenshion iOS";
		};
		C3F63C4018605C9C0055BBF0 /* PBXContainerItemProxy */ = {
			isa = PBXContainerItemProxy;
			containerPortal = C3F6FCE018605C770055BBF0 /* cocos2d_libs.xcodeproj */;
			proxyType = 2;
			remoteGlobalIDString = A07A5030178387750073F6A7;
			remoteInfo = "jsbindings iOS";
		};
		C3F63C4218605C9C0055BBF0 /* PBXContainerItemProxy */ = {
			isa = PBXContainerItemProxy;
			containerPortal = C3F6FCE018605C770055BBF0 /* cocos2d_libs.xcodeproj */;
			proxyType = 2;
			remoteGlobalIDString = 1A119791178526AA00D62A44;
			remoteInfo = "luabindings iOS";
		};
/* End PBXContainerItemProxy section */

/* Begin PBXFileReference section */
		C317FD391855C87D0088ACBC /* Foundation.framework */ = {isa = PBXFileReference; lastKnownFileType = wrapper.framework; name = Foundation.framework; path = System/Library/Frameworks/Foundation.framework; sourceTree = SDKROOT; };
		C317FD3B1855C8880088ACBC /* AVFoundation.framework */ = {isa = PBXFileReference; lastKnownFileType = wrapper.framework; name = AVFoundation.framework; path = System/Library/Frameworks/AVFoundation.framework; sourceTree = SDKROOT; };
		C317FD3D1855C88F0088ACBC /* AudioToolbox.framework */ = {isa = PBXFileReference; lastKnownFileType = wrapper.framework; name = AudioToolbox.framework; path = System/Library/Frameworks/AudioToolbox.framework; sourceTree = SDKROOT; };
		C317FD3F1855C8940088ACBC /* OpenAL.framework */ = {isa = PBXFileReference; lastKnownFileType = wrapper.framework; name = OpenAL.framework; path = System/Library/Frameworks/OpenAL.framework; sourceTree = SDKROOT; };
		C317FD411855C89E0088ACBC /* QuartzCore.framework */ = {isa = PBXFileReference; lastKnownFileType = wrapper.framework; name = QuartzCore.framework; path = System/Library/Frameworks/QuartzCore.framework; sourceTree = SDKROOT; };
		C317FD431855C8A90088ACBC /* OpenGL.framework */ = {isa = PBXFileReference; lastKnownFileType = wrapper.framework; name = OpenGL.framework; path = System/Library/Frameworks/OpenGL.framework; sourceTree = SDKROOT; };
		C317FD451855C8B00088ACBC /* AppKit.framework */ = {isa = PBXFileReference; lastKnownFileType = wrapper.framework; name = AppKit.framework; path = System/Library/Frameworks/AppKit.framework; sourceTree = SDKROOT; };
		C317FD471855C8B60088ACBC /* IOKit.framework */ = {isa = PBXFileReference; lastKnownFileType = wrapper.framework; name = IOKit.framework; path = System/Library/Frameworks/IOKit.framework; sourceTree = SDKROOT; };
		C317FD491855C8BD0088ACBC /* libz.dylib */ = {isa = PBXFileReference; lastKnownFileType = "compiled.mach-o.dylib"; name = libz.dylib; path = usr/lib/libz.dylib; sourceTree = SDKROOT; };
		C317FD4B1855C8C70088ACBC /* libsqlite3.dylib */ = {isa = PBXFileReference; lastKnownFileType = "compiled.mach-o.dylib"; name = libsqlite3.dylib; path = usr/lib/libsqlite3.dylib; sourceTree = SDKROOT; };
		C317FD4D1855C8D10088ACBC /* libcurl.dylib */ = {isa = PBXFileReference; lastKnownFileType = "compiled.mach-o.dylib"; name = libcurl.dylib; path = usr/lib/libcurl.dylib; sourceTree = SDKROOT; };
		C3232F4E1850C0BB00AABA84 /* ChinesePuzzle-Info.plist */ = {isa = PBXFileReference; fileEncoding = 4; lastKnownFileType = text.plist.xml; path = "ChinesePuzzle-Info.plist"; sourceTree = "<group>"; };
		C3232F4F1850C0BB00AABA84 /* ChinesePuzzle-Prefix.pch */ = {isa = PBXFileReference; fileEncoding = 4; lastKnownFileType = sourcecode.c.h; path = "ChinesePuzzle-Prefix.pch"; sourceTree = "<group>"; };
		C3232F531850C0BB00AABA84 /* ChinesePuzzleApp.icns */ = {isa = PBXFileReference; lastKnownFileType = image.icns; path = ChinesePuzzleApp.icns; sourceTree = "<group>"; };
		C3232F541850C0BB00AABA84 /* Credits.rtf */ = {isa = PBXFileReference; fileEncoding = 4; lastKnownFileType = text.rtf; path = Credits.rtf; sourceTree = "<group>"; };
		C3232F551850C0BB00AABA84 /* InfoPlist.strings */ = {isa = PBXFileReference; fileEncoding = 4; lastKnownFileType = text.plist.strings; path = InfoPlist.strings; sourceTree = "<group>"; };
		C3232F561850C0BB00AABA84 /* main.m */ = {isa = PBXFileReference; fileEncoding = 4; lastKnownFileType = sourcecode.c.objc; path = main.m; sourceTree = "<group>"; };
		C3232F571850C0BB00AABA84 /* MainMenu.xib */ = {isa = PBXFileReference; fileEncoding = 4; lastKnownFileType = file.xib; path = MainMenu.xib; sourceTree = "<group>"; };
		C3386FE11852349E002447BC /* CoreGraphics.framework */ = {isa = PBXFileReference; lastKnownFileType = wrapper.framework; name = CoreGraphics.framework; path = System/Library/Frameworks/CoreGraphics.framework; sourceTree = SDKROOT; };
		C347E2C318520F9100968691 /* AppController.h */ = {isa = PBXFileReference; fileEncoding = 4; lastKnownFileType = sourcecode.c.h; path = AppController.h; sourceTree = "<group>"; };
		C347E2C418520F9100968691 /* AppController.mm */ = {isa = PBXFileReference; fileEncoding = 4; lastKnownFileType = sourcecode.cpp.objcpp; path = AppController.mm; sourceTree = "<group>"; };
		C34FDCC91860649100238872 /* cocos2d-jsb.js */ = {isa = PBXFileReference; fileEncoding = 4; lastKnownFileType = sourcecode.javascript; path = "cocos2d-jsb.js"; sourceTree = "<group>"; };
		C38B4143185B6CC500245259 /* AppDelegate.cpp */ = {isa = PBXFileReference; fileEncoding = 4; lastKnownFileType = sourcecode.cpp.cpp; path = AppDelegate.cpp; sourceTree = "<group>"; };
		C38B4144185B6CC500245259 /* AppDelegate.h */ = {isa = PBXFileReference; fileEncoding = 4; lastKnownFileType = sourcecode.c.h; path = AppDelegate.h; sourceTree = "<group>"; };
		C38D11CE18634E7B00F8159A /* lang-de.plist */ = {isa = PBXFileReference; fileEncoding = 4; lastKnownFileType = text.plist.xml; name = "lang-de.plist"; path = "../Bin/Data/lang-de.plist"; sourceTree = "<group>"; };
		C38D11CF18634E7B00F8159A /* lang-en.plist */ = {isa = PBXFileReference; fileEncoding = 4; lastKnownFileType = text.plist.xml; name = "lang-en.plist"; path = "../Bin/Data/lang-en.plist"; sourceTree = "<group>"; };
		C38D11D018634E7B00F8159A /* lang-fr.plist */ = {isa = PBXFileReference; fileEncoding = 4; lastKnownFileType = text.plist.xml; name = "lang-fr.plist"; path = "../Bin/Data/lang-fr.plist"; sourceTree = "<group>"; };
		C3F4E9251861E78900230ABA /* mac */ = {isa = PBXFileReference; lastKnownFileType = folder; path = mac; sourceTree = "<group>"; };
		C3F6009018605C7A0055BBF0 /* jsb.js */ = {isa = PBXFileReference; fileEncoding = 4; lastKnownFileType = sourcecode.javascript; path = jsb.js; sourceTree = "<group>"; };
		C3F6009118605C7A0055BBF0 /* jsb_chipmunk.js */ = {isa = PBXFileReference; fileEncoding = 4; lastKnownFileType = sourcecode.javascript; path = jsb_chipmunk.js; sourceTree = "<group>"; };
		C3F6009218605C7A0055BBF0 /* jsb_chipmunk_constants.js */ = {isa = PBXFileReference; fileEncoding = 4; lastKnownFileType = sourcecode.javascript; path = jsb_chipmunk_constants.js; sourceTree = "<group>"; };
		C3F6009318605C7A0055BBF0 /* jsb_cocos2d.js */ = {isa = PBXFileReference; fileEncoding = 4; lastKnownFileType = sourcecode.javascript; path = jsb_cocos2d.js; sourceTree = "<group>"; };
		C3F6009418605C7A0055BBF0 /* jsb_cocos2d_constants.js */ = {isa = PBXFileReference; fileEncoding = 4; lastKnownFileType = sourcecode.javascript; path = jsb_cocos2d_constants.js; sourceTree = "<group>"; };
		C3F6009518605C7A0055BBF0 /* jsb_cocos2d_extension.js */ = {isa = PBXFileReference; fileEncoding = 4; lastKnownFileType = sourcecode.javascript; path = jsb_cocos2d_extension.js; sourceTree = "<group>"; };
		C3F6009618605C7A0055BBF0 /* jsb_cocos2d_gui.js */ = {isa = PBXFileReference; fileEncoding = 4; lastKnownFileType = sourcecode.javascript; path = jsb_cocos2d_gui.js; sourceTree = "<group>"; };
		C3F6009718605C7A0055BBF0 /* jsb_cocos2d_studio.js */ = {isa = PBXFileReference; fileEncoding = 4; lastKnownFileType = sourcecode.javascript; path = jsb_cocos2d_studio.js; sourceTree = "<group>"; };
		C3F6009818605C7A0055BBF0 /* jsb_cocosbuilder.js */ = {isa = PBXFileReference; fileEncoding = 4; lastKnownFileType = sourcecode.javascript; path = jsb_cocosbuilder.js; sourceTree = "<group>"; };
		C3F6009918605C7A0055BBF0 /* jsb_debugger.js */ = {isa = PBXFileReference; fileEncoding = 4; lastKnownFileType = sourcecode.javascript; path = jsb_debugger.js; sourceTree = "<group>"; };
		C3F6009A18605C7A0055BBF0 /* jsb_deprecated.js */ = {isa = PBXFileReference; fileEncoding = 4; lastKnownFileType = sourcecode.javascript; path = jsb_deprecated.js; sourceTree = "<group>"; };
		C3F6009B18605C7A0055BBF0 /* jsb_opengl.js */ = {isa = PBXFileReference; fileEncoding = 4; lastKnownFileType = sourcecode.javascript; path = jsb_opengl.js; sourceTree = "<group>"; };
		C3F6009C18605C7A0055BBF0 /* jsb_opengl_constants.js */ = {isa = PBXFileReference; fileEncoding = 4; lastKnownFileType = sourcecode.javascript; path = jsb_opengl_constants.js; sourceTree = "<group>"; };
		C3F6009D18605C7A0055BBF0 /* jsb_sys.js */ = {isa = PBXFileReference; fileEncoding = 4; lastKnownFileType = sourcecode.javascript; path = jsb_sys.js; sourceTree = "<group>"; };
		C3F63CAC18605D3B0055BBF0 /* debugger */ = {isa = PBXFileReference; lastKnownFileType = folder; path = debugger; sourceTree = "<group>"; };
		C3F63CBD18605FF00055BBF0 /* js */ = {isa = PBXFileReference; lastKnownFileType = folder; name = js; path = ../Bin/Data/js; sourceTree = "<group>"; };
		C3F6FCE018605C770055BBF0 /* cocos2d_libs.xcodeproj */ = {isa = PBXFileReference; lastKnownFileType = "wrapper.pb-project"; path = cocos2d_libs.xcodeproj; sourceTree = "<group>"; };
		C3FB9FB31850A46C0087DB1A /* ChinesePuzzle.app */ = {isa = PBXFileReference; explicitFileType = wrapper.application; includeInIndex = 0; path = ChinesePuzzle.app; sourceTree = BUILT_PRODUCTS_DIR; };
		C3FB9FB61850A46C0087DB1A /* Cocoa.framework */ = {isa = PBXFileReference; lastKnownFileType = wrapper.framework; name = Cocoa.framework; path = System/Library/Frameworks/Cocoa.framework; sourceTree = SDKROOT; };
/* End PBXFileReference section */

/* Begin PBXFrameworksBuildPhase section */
		C3FB9FB01850A46C0087DB1A /* Frameworks */ = {
			isa = PBXFrameworksBuildPhase;
			buildActionMask = 2147483647;
			files = (
				C3F63CAF18605E350055BBF0 /* libchipmunk Mac.a in Frameworks */,
				C3F63CB018605E350055BBF0 /* libcocos2dx Mac.a in Frameworks */,
				C3F63CB118605E350055BBF0 /* libcocos2dx-extensions Mac.a in Frameworks */,
				C3F63CB218605E350055BBF0 /* libCocosDenshion Mac.a in Frameworks */,
				C3F63CB318605E350055BBF0 /* libjsbindings Mac.a in Frameworks */,
				C317FD4E1855C8D10088ACBC /* libcurl.dylib in Frameworks */,
				C317FD4C1855C8C70088ACBC /* libsqlite3.dylib in Frameworks */,
				C317FD4A1855C8BD0088ACBC /* libz.dylib in Frameworks */,
				C317FD481855C8B60088ACBC /* IOKit.framework in Frameworks */,
				C317FD461855C8B00088ACBC /* AppKit.framework in Frameworks */,
				C317FD441855C8A90088ACBC /* OpenGL.framework in Frameworks */,
				C317FD421855C89E0088ACBC /* QuartzCore.framework in Frameworks */,
				C317FD401855C8940088ACBC /* OpenAL.framework in Frameworks */,
				C317FD3E1855C88F0088ACBC /* AudioToolbox.framework in Frameworks */,
				C317FD3C1855C8880088ACBC /* AVFoundation.framework in Frameworks */,
				C317FD3A1855C87D0088ACBC /* Foundation.framework in Frameworks */,
				C317FD271855C7900088ACBC /* CoreGraphics.framework in Frameworks */,
				C3386FE3185234B4002447BC /* Cocoa.framework in Frameworks */,
			);
			runOnlyForDeploymentPostprocessing = 0;
		};
/* End PBXFrameworksBuildPhase section */

/* Begin PBXGroup section */
		C3232F4B1850C0BB00AABA84 /* Resources */ = {
			isa = PBXGroup;
			children = (
				C3232F4E1850C0BB00AABA84 /* ChinesePuzzle-Info.plist */,
				C3232F4F1850C0BB00AABA84 /* ChinesePuzzle-Prefix.pch */,
				C3232F531850C0BB00AABA84 /* ChinesePuzzleApp.icns */,
				C3232F541850C0BB00AABA84 /* Credits.rtf */,
				C3232F551850C0BB00AABA84 /* InfoPlist.strings */,
				C3232F561850C0BB00AABA84 /* main.m */,
				C3232F571850C0BB00AABA84 /* MainMenu.xib */,
				C34FDCC91860649100238872 /* cocos2d-jsb.js */,
			);
			name = Resources;
			sourceTree = "<group>";
		};
		C3470B1018521DE400968691 /* DecoratedBox */ = {
			isa = PBXGroup;
			children = (
			);
			path = DecoratedBox;
			sourceTree = "<group>";
		};
		C3470B1318521DE500968691 /* JSPP */ = {
			isa = PBXGroup;
			children = (
			);
			path = JSPP;
			sourceTree = "<group>";
		};
		C347E2C118520F9100968691 /* Src - Platform */ = {
			isa = PBXGroup;
			children = (
				C3F4E9101861E77A00230ABA /* Bin */,
				C347E2C218520F9100968691 /* ChinesePuzzle */,
			);
			name = "Src - Platform";
			path = ../Src;
			sourceTree = "<group>";
		};
		C347E2C218520F9100968691 /* ChinesePuzzle */ = {
			isa = PBXGroup;
			children = (
				C347E2C318520F9100968691 /* AppController.h */,
				C347E2C418520F9100968691 /* AppController.mm */,
			);
			path = ChinesePuzzle;
			sourceTree = "<group>";
		};
		C347E2CD18521DBB00968691 /* Src - Common */ = {
			isa = PBXGroup;
			children = (
				C3F63CBB18605FD80055BBF0 /* Bin */,
				C347E2CE18521DBB00968691 /* ChinesePuzzle */,
				C347E30018521DBC00968691 /* Externals */,
			);
			name = "Src - Common";
			path = ../../Common/Src;
			sourceTree = "<group>";
		};
		C347E2CE18521DBB00968691 /* ChinesePuzzle */ = {
			isa = PBXGroup;
			children = (
				C38B4144185B6CC500245259 /* AppDelegate.h */,
				C38B4143185B6CC500245259 /* AppDelegate.cpp */,
			);
			path = ChinesePuzzle;
			sourceTree = "<group>";
		};
		C347E30018521DBC00968691 /* Externals */ = {
			isa = PBXGroup;
			children = (
				C347E30118521DBC00968691 /* Archivist */,
				C347E33718521DBC00968691 /* ChipmunkDraw */,
				C3F6FCD518605C770055BBF0 /* Cocos2D-x */,
				C3470B1018521DE400968691 /* DecoratedBox */,
				C3470B1318521DE500968691 /* JSPP */,
			);
			path = Externals;
			sourceTree = "<group>";
		};
		C347E30118521DBC00968691 /* Archivist */ = {
			isa = PBXGroup;
			children = (
			);
			path = Archivist;
			sourceTree = "<group>";
		};
		C347E33718521DBC00968691 /* ChipmunkDraw */ = {
			isa = PBXGroup;
			children = (
			);
			path = ChipmunkDraw;
			sourceTree = "<group>";
		};
		C3F4E9101861E77A00230ABA /* Bin */ = {
			isa = PBXGroup;
			children = (
				C3F4E9111861E77A00230ABA /* Data */,
			);
			name = Bin;
			path = ../Bin;
			sourceTree = "<group>";
		};
		C3F4E9111861E77A00230ABA /* Data */ = {
			isa = PBXGroup;
			children = (
				C3F4E9251861E78900230ABA /* mac */,
			);
			path = Data;
			sourceTree = "<group>";
		};
		C3F6000E18605C7A0055BBF0 /* scripting */ = {
			isa = PBXGroup;
			children = (
				C3F6002C18605C7A0055BBF0 /* javascript */,
			);
			path = scripting;
			sourceTree = "<group>";
		};
		C3F6002C18605C7A0055BBF0 /* javascript */ = {
			isa = PBXGroup;
			children = (
				C3F6008518605C7A0055BBF0 /* script */,
			);
			path = javascript;
			sourceTree = "<group>";
		};
		C3F6008518605C7A0055BBF0 /* script */ = {
			isa = PBXGroup;
			children = (
				C3F63CAC18605D3B0055BBF0 /* debugger */,
				C3F6009018605C7A0055BBF0 /* jsb.js */,
				C3F6009118605C7A0055BBF0 /* jsb_chipmunk.js */,
				C3F6009218605C7A0055BBF0 /* jsb_chipmunk_constants.js */,
				C3F6009318605C7A0055BBF0 /* jsb_cocos2d.js */,
				C3F6009418605C7A0055BBF0 /* jsb_cocos2d_constants.js */,
				C3F6009518605C7A0055BBF0 /* jsb_cocos2d_extension.js */,
				C3F6009618605C7A0055BBF0 /* jsb_cocos2d_gui.js */,
				C3F6009718605C7A0055BBF0 /* jsb_cocos2d_studio.js */,
				C3F6009818605C7A0055BBF0 /* jsb_cocosbuilder.js */,
				C3F6009918605C7A0055BBF0 /* jsb_debugger.js */,
				C3F6009A18605C7A0055BBF0 /* jsb_deprecated.js */,
				C3F6009B18605C7A0055BBF0 /* jsb_opengl.js */,
				C3F6009C18605C7A0055BBF0 /* jsb_opengl_constants.js */,
				C3F6009D18605C7A0055BBF0 /* jsb_sys.js */,
			);
			path = script;
			sourceTree = "<group>";
		};
		C3F63CBB18605FD80055BBF0 /* Bin */ = {
			isa = PBXGroup;
			children = (
				C3F63CBC18605FE00055BBF0 /* Data */,
			);
			name = Bin;
			sourceTree = "<group>";
		};
		C3F63CBC18605FE00055BBF0 /* Data */ = {
			isa = PBXGroup;
			children = (
				C3F63CBD18605FF00055BBF0 /* js */,
				C38D11CE18634E7B00F8159A /* lang-de.plist */,
				C38D11CF18634E7B00F8159A /* lang-en.plist */,
				C38D11D018634E7B00F8159A /* lang-fr.plist */,
			);
			name = Data;
			sourceTree = "<group>";
		};
		C3F6FCD518605C770055BBF0 /* Cocos2D-x */ = {
			isa = PBXGroup;
			children = (
				C3F6FCDB18605C770055BBF0 /* build */,
				C3F6FCED18605C780055BBF0 /* cocos */,
			);
			path = "Cocos2D-x";
			sourceTree = "<group>";
		};
		C3F6FCDB18605C770055BBF0 /* build */ = {
			isa = PBXGroup;
			children = (
				C3F6FCE018605C770055BBF0 /* cocos2d_libs.xcodeproj */,
			);
			path = build;
			sourceTree = "<group>";
		};
		C3F6FCE118605C770055BBF0 /* Products */ = {
			isa = PBXGroup;
			children = (
				C3F63C2918605C9C0055BBF0 /* libcocos2dx Mac.a */,
				C3F63C2B18605C9C0055BBF0 /* libcocos2dx-extensions Mac.a */,
				C3F63C2D18605C9C0055BBF0 /* libchipmunk Mac.a */,
				C3F63C2F18605C9C0055BBF0 /* libbox2d Mac.a */,
				C3F63C3118605C9C0055BBF0 /* libCocosDenshion Mac.a */,
				C3F63C3318605C9C0055BBF0 /* libjsbindings Mac.a */,
				C3F63C3518605C9C0055BBF0 /* libluabindings Mac.a */,
				C3F63C3718605C9C0055BBF0 /* libcocos2dx iOS.a */,
				C3F63C3918605C9C0055BBF0 /* libcocos2dx-extensions iOS.a */,
				C3F63C3B18605C9C0055BBF0 /* libchipmunk iOS.a */,
				C3F63C3D18605C9C0055BBF0 /* libbox2d iOS.a */,
				C3F63C3F18605C9C0055BBF0 /* libCocosDenshion iOS.a */,
				C3F63C4118605C9C0055BBF0 /* libjsbindings iOS.a */,
				C3F63C4318605C9C0055BBF0 /* libluabindings iOS.a */,
			);
			name = Products;
			sourceTree = "<group>";
		};
		C3F6FCED18605C780055BBF0 /* cocos */ = {
			isa = PBXGroup;
			children = (
				C3F6000E18605C7A0055BBF0 /* scripting */,
			);
			path = cocos;
			sourceTree = "<group>";
		};
		C3FB9FAA1850A46C0087DB1A = {
			isa = PBXGroup;
			children = (
				C347E2CD18521DBB00968691 /* Src - Common */,
				C347E2C118520F9100968691 /* Src - Platform */,
				C3232F4B1850C0BB00AABA84 /* Resources */,
				C3FB9FB51850A46C0087DB1A /* Frameworks */,
				C3FB9FB41850A46C0087DB1A /* Products */,
			);
			sourceTree = "<group>";
		};
		C3FB9FB41850A46C0087DB1A /* Products */ = {
			isa = PBXGroup;
			children = (
				C3FB9FB31850A46C0087DB1A /* ChinesePuzzle.app */,
			);
			name = Products;
			sourceTree = "<group>";
		};
		C3FB9FB51850A46C0087DB1A /* Frameworks */ = {
			isa = PBXGroup;
			children = (
				C317FD4D1855C8D10088ACBC /* libcurl.dylib */,
				C317FD4B1855C8C70088ACBC /* libsqlite3.dylib */,
				C317FD491855C8BD0088ACBC /* libz.dylib */,
				C317FD471855C8B60088ACBC /* IOKit.framework */,
				C317FD451855C8B00088ACBC /* AppKit.framework */,
				C317FD431855C8A90088ACBC /* OpenGL.framework */,
				C317FD411855C89E0088ACBC /* QuartzCore.framework */,
				C317FD3F1855C8940088ACBC /* OpenAL.framework */,
				C317FD3D1855C88F0088ACBC /* AudioToolbox.framework */,
				C317FD3B1855C8880088ACBC /* AVFoundation.framework */,
				C317FD391855C87D0088ACBC /* Foundation.framework */,
				C3386FE11852349E002447BC /* CoreGraphics.framework */,
				C3FB9FB61850A46C0087DB1A /* Cocoa.framework */,
			);
			name = Frameworks;
			sourceTree = "<group>";
		};
/* End PBXGroup section */

/* Begin PBXNativeTarget section */
		C3FB9FB21850A46C0087DB1A /* ChinesePuzzle */ = {
			isa = PBXNativeTarget;
			buildConfigurationList = C3FB9FE41850A46D0087DB1A /* Build configuration list for PBXNativeTarget "ChinesePuzzle" */;
			buildPhases = (
				C3FB9FAF1850A46C0087DB1A /* Sources */,
				C3FB9FB01850A46C0087DB1A /* Frameworks */,
				C3FB9FB11850A46C0087DB1A /* Resources */,
			);
			buildRules = (
			);
			dependencies = (
			);
			name = ChinesePuzzle;
			productName = ChinesePuzzle;
			productReference = C3FB9FB31850A46C0087DB1A /* ChinesePuzzle.app */;
			productType = "com.apple.product-type.application";
		};
/* End PBXNativeTarget section */

/* Begin PBXProject section */
		C3FB9FAB1850A46C0087DB1A /* Project object */ = {
			isa = PBXProject;
			attributes = {
				LastUpgradeCheck = 0500;
				ORGANIZATIONNAME = Darkwood;
			};
			buildConfigurationList = C3FB9FAE1850A46C0087DB1A /* Build configuration list for PBXProject "ChinesePuzzle" */;
			compatibilityVersion = "Xcode 3.2";
			developmentRegion = English;
			hasScannedForEncodings = 0;
			knownRegions = (
				en,
				Base,
				English,
			);
			mainGroup = C3FB9FAA1850A46C0087DB1A;
			productRefGroup = C3FB9FB41850A46C0087DB1A /* Products */;
			projectDirPath = "";
			projectReferences = (
				{
					ProductGroup = C3F6FCE118605C770055BBF0 /* Products */;
					ProjectRef = C3F6FCE018605C770055BBF0 /* cocos2d_libs.xcodeproj */;
				},
			);
			projectRoot = "";
			targets = (
				C3FB9FB21850A46C0087DB1A /* ChinesePuzzle */,
			);
		};
/* End PBXProject section */

/* Begin PBXReferenceProxy section */
		C3F63C2918605C9C0055BBF0 /* libcocos2dx Mac.a */ = {
			isa = PBXReferenceProxy;
			fileType = archive.ar;
			path = "libcocos2dx Mac.a";
			remoteRef = C3F63C2818605C9C0055BBF0 /* PBXContainerItemProxy */;
			sourceTree = BUILT_PRODUCTS_DIR;
		};
		C3F63C2B18605C9C0055BBF0 /* libcocos2dx-extensions Mac.a */ = {
			isa = PBXReferenceProxy;
			fileType = archive.ar;
			path = "libcocos2dx-extensions Mac.a";
			remoteRef = C3F63C2A18605C9C0055BBF0 /* PBXContainerItemProxy */;
			sourceTree = BUILT_PRODUCTS_DIR;
		};
		C3F63C2D18605C9C0055BBF0 /* libchipmunk Mac.a */ = {
			isa = PBXReferenceProxy;
			fileType = archive.ar;
			path = "libchipmunk Mac.a";
			remoteRef = C3F63C2C18605C9C0055BBF0 /* PBXContainerItemProxy */;
			sourceTree = BUILT_PRODUCTS_DIR;
		};
		C3F63C2F18605C9C0055BBF0 /* libbox2d Mac.a */ = {
			isa = PBXReferenceProxy;
			fileType = archive.ar;
			path = "libbox2d Mac.a";
			remoteRef = C3F63C2E18605C9C0055BBF0 /* PBXContainerItemProxy */;
			sourceTree = BUILT_PRODUCTS_DIR;
		};
		C3F63C3118605C9C0055BBF0 /* libCocosDenshion Mac.a */ = {
			isa = PBXReferenceProxy;
			fileType = archive.ar;
			path = "libCocosDenshion Mac.a";
			remoteRef = C3F63C3018605C9C0055BBF0 /* PBXContainerItemProxy */;
			sourceTree = BUILT_PRODUCTS_DIR;
		};
		C3F63C3318605C9C0055BBF0 /* libjsbindings Mac.a */ = {
			isa = PBXReferenceProxy;
			fileType = archive.ar;
			path = "libjsbindings Mac.a";
			remoteRef = C3F63C3218605C9C0055BBF0 /* PBXContainerItemProxy */;
			sourceTree = BUILT_PRODUCTS_DIR;
		};
		C3F63C3518605C9C0055BBF0 /* libluabindings Mac.a */ = {
			isa = PBXReferenceProxy;
			fileType = archive.ar;
			path = "libluabindings Mac.a";
			remoteRef = C3F63C3418605C9C0055BBF0 /* PBXContainerItemProxy */;
			sourceTree = BUILT_PRODUCTS_DIR;
		};
		C3F63C3718605C9C0055BBF0 /* libcocos2dx iOS.a */ = {
			isa = PBXReferenceProxy;
			fileType = archive.ar;
			path = "libcocos2dx iOS.a";
			remoteRef = C3F63C3618605C9C0055BBF0 /* PBXContainerItemProxy */;
			sourceTree = BUILT_PRODUCTS_DIR;
		};
		C3F63C3918605C9C0055BBF0 /* libcocos2dx-extensions iOS.a */ = {
			isa = PBXReferenceProxy;
			fileType = archive.ar;
			path = "libcocos2dx-extensions iOS.a";
			remoteRef = C3F63C3818605C9C0055BBF0 /* PBXContainerItemProxy */;
			sourceTree = BUILT_PRODUCTS_DIR;
		};
		C3F63C3B18605C9C0055BBF0 /* libchipmunk iOS.a */ = {
			isa = PBXReferenceProxy;
			fileType = archive.ar;
			path = "libchipmunk iOS.a";
			remoteRef = C3F63C3A18605C9C0055BBF0 /* PBXContainerItemProxy */;
			sourceTree = BUILT_PRODUCTS_DIR;
		};
		C3F63C3D18605C9C0055BBF0 /* libbox2d iOS.a */ = {
			isa = PBXReferenceProxy;
			fileType = archive.ar;
			path = "libbox2d iOS.a";
			remoteRef = C3F63C3C18605C9C0055BBF0 /* PBXContainerItemProxy */;
			sourceTree = BUILT_PRODUCTS_DIR;
		};
		C3F63C3F18605C9C0055BBF0 /* libCocosDenshion iOS.a */ = {
			isa = PBXReferenceProxy;
			fileType = archive.ar;
			path = "libCocosDenshion iOS.a";
			remoteRef = C3F63C3E18605C9C0055BBF0 /* PBXContainerItemProxy */;
			sourceTree = BUILT_PRODUCTS_DIR;
		};
		C3F63C4118605C9C0055BBF0 /* libjsbindings iOS.a */ = {
			isa = PBXReferenceProxy;
			fileType = archive.ar;
			path = "libjsbindings iOS.a";
			remoteRef = C3F63C4018605C9C0055BBF0 /* PBXContainerItemProxy */;
			sourceTree = BUILT_PRODUCTS_DIR;
		};
		C3F63C4318605C9C0055BBF0 /* libluabindings iOS.a */ = {
			isa = PBXReferenceProxy;
			fileType = archive.ar;
			path = "libluabindings iOS.a";
			remoteRef = C3F63C4218605C9C0055BBF0 /* PBXContainerItemProxy */;
			sourceTree = BUILT_PRODUCTS_DIR;
		};
/* End PBXReferenceProxy section */

/* Begin PBXResourcesBuildPhase section */
		C3FB9FB11850A46C0087DB1A /* Resources */ = {
			isa = PBXResourcesBuildPhase;
			buildActionMask = 2147483647;
			files = (
				C3F63CBE18605FF00055BBF0 /* js in Resources */,
				C3F4E9261861E78900230ABA /* mac in Resources */,
				C3F63CAD18605D3B0055BBF0 /* debugger in Resources */,
				C3F6251818605C8B0055BBF0 /* jsb_cocos2d_extension.js in Resources */,
				C38D11D318634E7B00F8159A /* lang-fr.plist in Resources */,
				C3F6251318605C8B0055BBF0 /* jsb.js in Resources */,
				C3F6251418605C8B0055BBF0 /* jsb_chipmunk.js in Resources */,
				C3F6251718605C8B0055BBF0 /* jsb_cocos2d_constants.js in Resources */,
				C3F6251C18605C8B0055BBF0 /* jsb_debugger.js in Resources */,
				C3F6251A18605C8B0055BBF0 /* jsb_cocos2d_studio.js in Resources */,
				C3F6251D18605C8B0055BBF0 /* jsb_deprecated.js in Resources */,
				C38D11D118634E7B00F8159A /* lang-de.plist in Resources */,
				C3F6252018605C8B0055BBF0 /* jsb_sys.js in Resources */,
				C3F6251E18605C8B0055BBF0 /* jsb_opengl.js in Resources */,
				C3F6251B18605C8B0055BBF0 /* jsb_cocosbuilder.js in Resources */,
				C3F6251518605C8B0055BBF0 /* jsb_chipmunk_constants.js in Resources */,
				C3F6251918605C8B0055BBF0 /* jsb_cocos2d_gui.js in Resources */,
				C3F6251F18605C8B0055BBF0 /* jsb_opengl_constants.js in Resources */,
				C38D11D218634E7B00F8159A /* lang-en.plist in Resources */,
				C3F6251618605C8B0055BBF0 /* jsb_cocos2d.js in Resources */,
				C34FDCCA1860649100238872 /* cocos2d-jsb.js in Resources */,
				C3232F5C1850C0BB00AABA84 /* InfoPlist.strings in Resources */,
				C3232F5A1850C0BB00AABA84 /* ChinesePuzzleApp.icns in Resources */,
				C3232F5B1850C0BB00AABA84 /* Credits.rtf in Resources */,
				C3232F5E1850C0BB00AABA84 /* MainMenu.xib in Resources */,
			);
			runOnlyForDeploymentPostprocessing = 0;
		};
/* End PBXResourcesBuildPhase section */

/* Begin PBXSourcesBuildPhase section */
		C3FB9FAF1850A46C0087DB1A /* Sources */ = {
			isa = PBXSourcesBuildPhase;
			buildActionMask = 2147483647;
			files = (
				C3232F5D1850C0BB00AABA84 /* main.m in Sources */,
				C347E2C918520F9100968691 /* AppController.mm in Sources */,
				C38B4145185B6CC500245259 /* AppDelegate.cpp in Sources */,
			);
			runOnlyForDeploymentPostprocessing = 0;
		};
/* End PBXSourcesBuildPhase section */

/* Begin XCBuildConfiguration section */
		C3FB9FE21850A46D0087DB1A /* Debug */ = {
			isa = XCBuildConfiguration;
			buildSettings = {
				ALWAYS_SEARCH_USER_PATHS = YES;
				CLANG_CXX_LANGUAGE_STANDARD = "gnu++0x";
				CLANG_CXX_LIBRARY = "libc++";
				CLANG_ENABLE_OBJC_ARC = YES;
				CLANG_WARN_BOOL_CONVERSION = YES;
				CLANG_WARN_CONSTANT_CONVERSION = YES;
				CLANG_WARN_DIRECT_OBJC_ISA_USAGE = YES_ERROR;
				CLANG_WARN_EMPTY_BODY = YES;
				CLANG_WARN_ENUM_CONVERSION = YES;
				CLANG_WARN_INT_CONVERSION = YES;
				CLANG_WARN_OBJC_ROOT_CLASS = YES_ERROR;
				CLANG_WARN__DUPLICATE_METHOD_MATCH = YES;
				COPY_PHASE_STRIP = NO;
				GCC_C_LANGUAGE_STANDARD = c99;
				GCC_DYNAMIC_NO_PIC = NO;
				GCC_ENABLE_OBJC_EXCEPTIONS = YES;
				GCC_OPTIMIZATION_LEVEL = 0;
				GCC_PREPROCESSOR_DEFINITIONS = (
					DEBUG,
					"COCOS2D_DEBUG=1",
					USE_FILE32API,
					COCOS2D_JAVASCRIPT,
					CC_ENABLE_CHIPMUNK_INTEGRATION,
				);
				GCC_SYMBOLS_PRIVATE_EXTERN = NO;
				GCC_WARN_64_TO_32_BIT_CONVERSION = YES;
				GCC_WARN_ABOUT_RETURN_TYPE = YES_ERROR;
				GCC_WARN_UNDECLARED_SELECTOR = YES;
				GCC_WARN_UNINITIALIZED_AUTOS = YES;
				GCC_WARN_UNUSED_FUNCTION = YES;
				GCC_WARN_UNUSED_VARIABLE = YES;
				HEADER_SEARCH_PATHS = (
					"$(SRCROOT)/../../Common/Src/Externals/Cocos2D-x",
					"$(SRCROOT)/../../Common/Src/Externals/Cocos2D-x/cocos",
					"$(SRCROOT)/../../Common/Src/Externals/Cocos2D-x/cocos/base",
					"$(SRCROOT)/../../Common/Src/Externals/Cocos2D-x/cocos/physics",
					"$(SRCROOT)/../../Common/Src/Externals/Cocos2D-x/cocos/math/kazmath/include",
					"$(SRCROOT)/../../Common/Src/Externals/Cocos2D-x/cocos/2d",
					"$(SRCROOT)/../../Common/Src/Externals/Cocos2D-x/cocos/gui",
					"$(SRCROOT)/../../Common/Src/Externals/Cocos2D-x/cocos/network",
					"$(SRCROOT)/../../Common/Src/Externals/Cocos2D-x/cocos/audio/include",
					"$(SRCROOT)/../../Common/Src/Externals/Cocos2D-x/cocos/editor-support",
					"$(SRCROOT)/../../Common/Src/Externals/Cocos2D-x/cocos/scripting/javascript/bindings",
					"$(SRCROOT)/../../Common/Src/Externals/Cocos2D-x/cocos/scripting/auto-generated/js-bindings",
					"$(SRCROOT)/../../Common/Src/Externals/Cocos2D-x/extensions",
					"$(SRCROOT)/../../Common/Src/Externals/Cocos2D-x/external",
					"$(SRCROOT)/../../Common/Src/Externals/Cocos2D-x/external/chipmunk/include/chipmunk",
				);
				MACOSX_DEPLOYMENT_TARGET = 10.8;
				ONLY_ACTIVE_ARCH = YES;
				SDKROOT = macosx;
			};
			name = Debug;
		};
		C3FB9FE31850A46D0087DB1A /* Release */ = {
			isa = XCBuildConfiguration;
			buildSettings = {
				ALWAYS_SEARCH_USER_PATHS = YES;
				CLANG_CXX_LANGUAGE_STANDARD = "gnu++0x";
				CLANG_CXX_LIBRARY = "libc++";
				CLANG_ENABLE_OBJC_ARC = YES;
				CLANG_WARN_BOOL_CONVERSION = YES;
				CLANG_WARN_CONSTANT_CONVERSION = YES;
				CLANG_WARN_DIRECT_OBJC_ISA_USAGE = YES_ERROR;
				CLANG_WARN_EMPTY_BODY = YES;
				CLANG_WARN_ENUM_CONVERSION = YES;
				CLANG_WARN_INT_CONVERSION = YES;
				CLANG_WARN_OBJC_ROOT_CLASS = YES_ERROR;
				CLANG_WARN__DUPLICATE_METHOD_MATCH = YES;
				COPY_PHASE_STRIP = YES;
				DEBUG_INFORMATION_FORMAT = "dwarf-with-dsym";
				ENABLE_NS_ASSERTIONS = NO;
				GCC_C_LANGUAGE_STANDARD = c99;
				GCC_ENABLE_OBJC_EXCEPTIONS = YES;
				GCC_PREPROCESSOR_DEFINITIONS = (
					NDEBUG,
					USE_FILE32API,
					COCOS2D_JAVASCRIPT,
					CC_ENABLE_CHIPMUNK_INTEGRATION,
				);
				GCC_WARN_64_TO_32_BIT_CONVERSION = YES;
				GCC_WARN_ABOUT_RETURN_TYPE = YES_ERROR;
				GCC_WARN_UNDECLARED_SELECTOR = YES;
				GCC_WARN_UNINITIALIZED_AUTOS = YES;
				GCC_WARN_UNUSED_FUNCTION = YES;
				GCC_WARN_UNUSED_VARIABLE = YES;
				HEADER_SEARCH_PATHS = (
					"$(SRCROOT)/../../Common/Src/Externals/Cocos2D-x",
					"$(SRCROOT)/../../Common/Src/Externals/Cocos2D-x/cocos",
					"$(SRCROOT)/../../Common/Src/Externals/Cocos2D-x/cocos/base",
					"$(SRCROOT)/../../Common/Src/Externals/Cocos2D-x/cocos/physics",
					"$(SRCROOT)/../../Common/Src/Externals/Cocos2D-x/cocos/math/kazmath/include",
					"$(SRCROOT)/../../Common/Src/Externals/Cocos2D-x/cocos/2d",
					"$(SRCROOT)/../../Common/Src/Externals/Cocos2D-x/cocos/gui",
					"$(SRCROOT)/../../Common/Src/Externals/Cocos2D-x/cocos/network",
					"$(SRCROOT)/../../Common/Src/Externals/Cocos2D-x/cocos/audio/include",
					"$(SRCROOT)/../../Common/Src/Externals/Cocos2D-x/cocos/editor-support",
					"$(SRCROOT)/../../Common/Src/Externals/Cocos2D-x/cocos/scripting/javascript/bindings",
					"$(SRCROOT)/../../Common/Src/Externals/Cocos2D-x/cocos/scripting/auto-generated/js-bindings",
					"$(SRCROOT)/../../Common/Src/Externals/Cocos2D-x/extensions",
					"$(SRCROOT)/../../Common/Src/Externals/Cocos2D-x/external",
					"$(SRCROOT)/../../Common/Src/Externals/Cocos2D-x/external/chipmunk/include/chipmunk",
				);
				MACOSX_DEPLOYMENT_TARGET = 10.8;
				OTHER_CFLAGS = "-DNS_BLOCK_ASSERTIONS=1";
				SDKROOT = macosx;
			};
			name = Release;
		};
		C3FB9FE51850A46D0087DB1A /* Debug */ = {
			isa = XCBuildConfiguration;
			buildSettings = {
				COMBINE_HIDPI_IMAGES = YES;
				GCC_PRECOMPILE_PREFIX_HEADER = YES;
				GCC_PREFIX_HEADER = "ChinesePuzzle-Prefix.pch";
				GCC_PREPROCESSOR_DEFINITIONS = (
					CC_TARGET_OS_MAC,
					"$(inherited)",
				);
				HEADER_SEARCH_PATHS = (
					"$(inherited)",
					"$(SRCROOT)/../../Common/Src/Externals/Cocos2D-x/cocos/2d/platform/mac",
					"$(SRCROOT)/../../Common/Src/Externals/Cocos2D-x/external/spidermonkey/include/mac",
					"$(SRCROOT)/../../Common/Src/Externals/Cocos2D-x/external/glfw3/include/mac",
				);
				INFOPLIST_FILE = "ChinesePuzzle-Info.plist";
				PRODUCT_NAME = "$(TARGET_NAME)";
				WRAPPER_EXTENSION = app;
			};
			name = Debug;
		};
		C3FB9FE61850A46D0087DB1A /* Release */ = {
			isa = XCBuildConfiguration;
			buildSettings = {
				COMBINE_HIDPI_IMAGES = YES;
				GCC_PRECOMPILE_PREFIX_HEADER = YES;
				GCC_PREFIX_HEADER = "ChinesePuzzle-Prefix.pch";
				GCC_PREPROCESSOR_DEFINITIONS = (
					CC_TARGET_OS_MAC,
					"$(inherited)",
				);
				HEADER_SEARCH_PATHS = (
					"$(inherited)",
					"$(SRCROOT)/../../Common/Src/Externals/Cocos2D-x/cocos/2d/platform/mac",
					"$(SRCROOT)/../../Common/Src/Externals/Cocos2D-x/external/spidermonkey/include/mac",
					"$(SRCROOT)/../../Common/Src/Externals/Cocos2D-x/external/glfw3/include/mac",
				);
				INFOPLIST_FILE = "ChinesePuzzle-Info.plist";
				PRODUCT_NAME = "$(TARGET_NAME)";
				WRAPPER_EXTENSION = app;
			};
			name = Release;
		};
/* End XCBuildConfiguration section */

/* Begin XCConfigurationList section */
		C3FB9FAE1850A46C0087DB1A /* Build configuration list for PBXProject "ChinesePuzzle" */ = {
			isa = XCConfigurationList;
			buildConfigurations = (
				C3FB9FE21850A46D0087DB1A /* Debug */,
				C3FB9FE31850A46D0087DB1A /* Release */,
			);
			defaultConfigurationIsVisible = 0;
			defaultConfigurationName = Release;
		};
		C3FB9FE41850A46D0087DB1A /* Build configuration list for PBXNativeTarget "ChinesePuzzle" */ = {
			isa = XCConfigurationList;
			buildConfigurations = (
				C3FB9FE51850A46D0087DB1A /* Debug */,
				C3FB9FE61850A46D0087DB1A /* Release */,
			);
			defaultConfigurationIsVisible = 0;
			defaultConfigurationName = Release;
		};
/* End XCConfigurationList section */
	};
	rootObject = C3FB9FAB1850A46C0087DB1A /* Project object */;
}
